
Microsoft Visual Studio Solution File, Format Version 12.00
# Visual Studio Version 17
VisualStudioVersion = 17.1.31903.286
MinimumVisualStudioVersion = 10.0.40219.1
Project("{2150E333-8FDC-42A3-9474-1A3956D46DE8}") = "src", "src", "{83A58039-6B60-4077-9238-FC7DB38F5B4D}"
EndProject
Project("{2150E333-8FDC-42A3-9474-1A3956D46DE8}") = "Services", "Services", "{CAF6699D-A85B-40A7-B13E-9671C9AD9774}"
EndProject
Project("{2150E333-8FDC-42A3-9474-1A3956D46DE8}") = "Web", "Web", "{2743092D-B178-4C2B-AA8C-6E1C0CE1BADB}"
EndProject
Project("{2150E333-8FDC-42A3-9474-1A3956D46DE8}") = "Order", "Order", "{B1DA6670-5B3F-4B4D-8297-8D7B11174EEB}"
EndProject
Project("{2150E333-8FDC-42A3-9474-1A3956D46DE8}") = "Manager", "Manager", "{6F2BC194-2FDE-4B91-A162-B5FEB9C7C5BC}"
EndProject
Project("{9A19103F-16F7-4668-BE54-9A1E7A4F7556}") = "MenuFacile.Manager.Api", "MenuFacile.Manager.Api\MenuFacile.Manager.Api.csproj", "{50BB3FA3-00C0-44F9-B25C-8B2B78182A6B}"
EndProject
Project("{9A19103F-16F7-4668-BE54-9A1E7A4F7556}") = "MenuFacile.Manager.Application", "MenuFacile.Manager.Application\MenuFacile.Manager.Application.csproj", "{2C997DFC-210C-4C43-B12D-338E8689E6BC}"
EndProject
Project("{9A19103F-16F7-4668-BE54-9A1E7A4F7556}") = "MenuFacile.Manager.Domain", "MenuFacile.Manager.Domain\MenuFacile.Manager.Domain.csproj", "{1A0A22C4-5714-41A0-9C6E-8FF163442CB7}"
EndProject
Project("{9A19103F-16F7-4668-BE54-9A1E7A4F7556}") = "MenuFacile.Manager.Infrastructure", "MenuFacile.Manager.Infrastructure\MenuFacile.Manager.Infrastructure.csproj", "{08B8F2AF-0195-48FA-B32B-AD8069F7F84E}"
EndProject
Project("{9A19103F-16F7-4668-BE54-9A1E7A4F7556}") = "MenuFacile.Order.Api", "MenuFacile.Order.Api\MenuFacile.Order.Api.csproj", "{A8F42E36-58F1-484C-8FD5-38541EB3BAB5}"
EndProject
Project("{9A19103F-16F7-4668-BE54-9A1E7A4F7556}") = "MenuFacile.Order.Application", "MenuFacile.Order.Application\MenuFacile.Order.Application.csproj", "{545284BD-2EF9-4C90-BFE7-1E1AF3138D19}"
EndProject
Project("{9A19103F-16F7-4668-BE54-9A1E7A4F7556}") = "MenuFacile.Order.Domain", "MenuFacile.Order.Domain\MenuFacile.Order.Domain.csproj", "{E0365859-35D3-4D05-8F75-BFFDF3C456F3}"
EndProject
Project("{9A19103F-16F7-4668-BE54-9A1E7A4F7556}") = "MenuFacile.Order.Infrastructure", "MenuFacile.Order.Infrastructure\MenuFacile.Order.Infrastructure.csproj", "{92E3C076-ACE0-4BBE-8AB5-A5852B568267}"
EndProject
Project("{9A19103F-16F7-4668-BE54-9A1E7A4F7556}") = "MenuFacile.Mvc", "MenuFacile.Mvc\MenuFacile.Mvc.csproj", "{75AFC9E7-80DF-45B5-9B7D-017ED426DC6D}"
EndProject
Global
	GlobalSection(SolutionConfigurationPlatforms) = preSolution
		Debug|Any CPU = Debug|Any CPU
		Release|Any CPU = Release|Any CPU
	EndGlobalSection
	GlobalSection(ProjectConfigurationPlatforms) = postSolution
		{50BB3FA3-00C0-44F9-B25C-8B2B78182A6B}.Debug|Any CPU.ActiveCfg = Debug|Any CPU
		{50BB3FA3-00C0-44F9-B25C-8B2B78182A6B}.Debug|Any CPU.Build.0 = Debug|Any CPU
		{50BB3FA3-00C0-44F9-B25C-8B2B78182A6B}.Release|Any CPU.ActiveCfg = Release|Any CPU
		{50BB3FA3-00C0-44F9-B25C-8B2B78182A6B}.Release|Any CPU.Build.0 = Release|Any CPU
		{2C997DFC-210C-4C43-B12D-338E8689E6BC}.Debug|Any CPU.ActiveCfg = Debug|Any CPU
		{2C997DFC-210C-4C43-B12D-338E8689E6BC}.Debug|Any CPU.Build.0 = Debug|Any CPU
		{2C997DFC-210C-4C43-B12D-338E8689E6BC}.Release|Any CPU.ActiveCfg = Release|Any CPU
		{2C997DFC-210C-4C43-B12D-338E8689E6BC}.Release|Any CPU.Build.0 = Release|Any CPU
		{1A0A22C4-5714-41A0-9C6E-8FF163442CB7}.Debug|Any CPU.ActiveCfg = Debug|Any CPU
		{1A0A22C4-5714-41A0-9C6E-8FF163442CB7}.Debug|Any CPU.Build.0 = Debug|Any CPU
		{1A0A22C4-5714-41A0-9C6E-8FF163442CB7}.Release|Any CPU.ActiveCfg = Release|Any CPU
		{1A0A22C4-5714-41A0-9C6E-8FF163442CB7}.Release|Any CPU.Build.0 = Release|Any CPU
		{08B8F2AF-0195-48FA-B32B-AD8069F7F84E}.Debug|Any CPU.ActiveCfg = Debug|Any CPU
		{08B8F2AF-0195-48FA-B32B-AD8069F7F84E}.Debug|Any CPU.Build.0 = Debug|Any CPU
		{08B8F2AF-0195-48FA-B32B-AD8069F7F84E}.Release|Any CPU.ActiveCfg = Release|Any CPU
		{08B8F2AF-0195-48FA-B32B-AD8069F7F84E}.Release|Any CPU.Build.0 = Release|Any CPU
		{A8F42E36-58F1-484C-8FD5-38541EB3BAB5}.Debug|Any CPU.ActiveCfg = Debug|Any CPU
		{A8F42E36-58F1-484C-8FD5-38541EB3BAB5}.Debug|Any CPU.Build.0 = Debug|Any CPU
		{A8F42E36-58F1-484C-8FD5-38541EB3BAB5}.Release|Any CPU.ActiveCfg = Release|Any CPU
		{A8F42E36-58F1-484C-8FD5-38541EB3BAB5}.Release|Any CPU.Build.0 = Release|Any CPU
		{545284BD-2EF9-4C90-BFE7-1E1AF3138D19}.Debug|Any CPU.ActiveCfg = Debug|Any CPU
		{545284BD-2EF9-4C90-BFE7-1E1AF3138D19}.Debug|Any CPU.Build.0 = Debug|Any CPU
		{545284BD-2EF9-4C90-BFE7-1E1AF3138D19}.Release|Any CPU.ActiveCfg = Release|Any CPU
		{545284BD-2EF9-4C90-BFE7-1E1AF3138D19}.Release|Any CPU.Build.0 = Release|Any CPU
		{E0365859-35D3-4D05-8F75-BFFDF3C456F3}.Debug|Any CPU.ActiveCfg = Debug|Any CPU
		{E0365859-35D3-4D05-8F75-BFFDF3C456F3}.Debug|Any CPU.Build.0 = Debug|Any CPU
		{E0365859-35D3-4D05-8F75-BFFDF3C456F3}.Release|Any CPU.ActiveCfg = Release|Any CPU
		{E0365859-35D3-4D05-8F75-BFFDF3C456F3}.Release|Any CPU.Build.0 = Release|Any CPU
		{92E3C076-ACE0-4BBE-8AB5-A5852B568267}.Debug|Any CPU.ActiveCfg = Debug|Any CPU
		{92E3C076-ACE0-4BBE-8AB5-A5852B568267}.Debug|Any CPU.Build.0 = Debug|Any CPU
		{92E3C076-ACE0-4BBE-8AB5-A5852B568267}.Release|Any CPU.ActiveCfg = Release|Any CPU
		{92E3C076-ACE0-4BBE-8AB5-A5852B568267}.Release|Any CPU.Build.0 = Release|Any CPU
		{75AFC9E7-80DF-45B5-9B7D-017ED426DC6D}.Debug|Any CPU.ActiveCfg = Debug|Any CPU
		{75AFC9E7-80DF-45B5-9B7D-017ED426DC6D}.Debug|Any CPU.Build.0 = Debug|Any CPU
		{75AFC9E7-80DF-45B5-9B7D-017ED426DC6D}.Release|Any CPU.ActiveCfg = Release|Any CPU
		{75AFC9E7-80DF-45B5-9B7D-017ED426DC6D}.Release|Any CPU.Build.0 = Release|Any CPU
	EndGlobalSection
	GlobalSection(SolutionProperties) = preSolution
		HideSolutionNode = FALSE
	EndGlobalSection
	GlobalSection(NestedProjects) = preSolution
		{CAF6699D-A85B-40A7-B13E-9671C9AD9774} = {83A58039-6B60-4077-9238-FC7DB38F5B4D}
		{2743092D-B178-4C2B-AA8C-6E1C0CE1BADB} = {83A58039-6B60-4077-9238-FC7DB38F5B4D}
		{B1DA6670-5B3F-4B4D-8297-8D7B11174EEB} = {CAF6699D-A85B-40A7-B13E-9671C9AD9774}
		{6F2BC194-2FDE-4B91-A162-B5FEB9C7C5BC} = {CAF6699D-A85B-40A7-B13E-9671C9AD9774}
		{50BB3FA3-00C0-44F9-B25C-8B2B78182A6B} = {6F2BC194-2FDE-4B91-A162-B5FEB9C7C5BC}
		{2C997DFC-210C-4C43-B12D-338E8689E6BC} = {6F2BC194-2FDE-4B91-A162-B5FEB9C7C5BC}
		{1A0A22C4-5714-41A0-9C6E-8FF163442CB7} = {6F2BC194-2FDE-4B91-A162-B5FEB9C7C5BC}
		{08B8F2AF-0195-48FA-B32B-AD8069F7F84E} = {6F2BC194-2FDE-4B91-A162-B5FEB9C7C5BC}
		{A8F42E36-58F1-484C-8FD5-38541EB3BAB5} = {B1DA6670-5B3F-4B4D-8297-8D7B11174EEB}
		{545284BD-2EF9-4C90-BFE7-1E1AF3138D19} = {B1DA6670-5B3F-4B4D-8297-8D7B11174EEB}
		{E0365859-35D3-4D05-8F75-BFFDF3C456F3} = {B1DA6670-5B3F-4B4D-8297-8D7B11174EEB}
		{92E3C076-ACE0-4BBE-8AB5-A5852B568267} = {B1DA6670-5B3F-4B4D-8297-8D7B11174EEB}
		{75AFC9E7-80DF-45B5-9B7D-017ED426DC6D} = {2743092D-B178-4C2B-AA8C-6E1C0CE1BADB}
	EndGlobalSection
	GlobalSection(ExtensibilityGlobals) = postSolution
		SolutionGuid = {B7E05BE7-4786-45DA-A6B3-0236B9BF6537}
	EndGlobalSection
EndGlobal
